<?xml version="1.0" encoding="utf-8"?>
<Project ToolsVersion="4.0" xmlns="http://schemas.microsoft.com/developer/msbuild/2003">
  <ItemGroup>
    <Filter Include="소스 파일">
      <UniqueIdentifier>{4FC737F1-C7A5-4376-A066-2A32D752A2FF}</UniqueIdentifier>
      <Extensions>cpp;c;cc;cxx;def;odl;idl;hpj;bat;asm;asmx</Extensions>
    </Filter>
    <Filter Include="헤더 파일">
      <UniqueIdentifier>{93995380-89BD-4b04-88EB-625FBE52EBFB}</UniqueIdentifier>
      <Extensions>h;hh;hpp;hxx;hm;inl;inc;ipp;xsd</Extensions>
    </Filter>
    <Filter Include="소스 파일\리소스 파일">
      <UniqueIdentifier>{67DA6AB6-F800-4c08-8B7A-83BB121AAD01}</UniqueIdentifier>
      <Extensions>rc;ico;cur;bmp;dlg;rc2;rct;bin;rgs;gif;jpg;jpeg;jpe;resx;tiff;tif;png;wav;mfcribbon-ms</Extensions>
    </Filter>
  </ItemGroup>
  <ItemGroup>
    <ClCompile Include="n1260.cpp">
      <Filter>소스 파일</Filter>
    </ClCompile>
    <ClCompile Include="n2667.cpp">
      <Filter>소스 파일</Filter>
    </ClCompile>
    <ClCompile Include="n16234.cpp">
      <Filter>소스 파일</Filter>
    </ClCompile>
    <ClCompile Include="n7576.cpp">
      <Filter>소스 파일</Filter>
    </ClCompile>
    <ClCompile Include="n17144.cpp">
      <Filter>소스 파일</Filter>
    </ClCompile>
    <ClCompile Include="n2468.cpp">
      <Filter>소스 파일</Filter>
    </ClCompile>
    <ClCompile Include="n14500.cpp">
      <Filter>소스 파일</Filter>
    </ClCompile>
    <ClCompile Include="n9663.cpp">
      <Filter>소스 파일</Filter>
    </ClCompile>
    <ClCompile Include="n17070.cpp">
      <Filter>소스 파일</Filter>
    </ClCompile>
    <ClCompile Include="n1753.cpp">
      <Filter>소스 파일</Filter>
    </ClCompile>
    <ClCompile Include="n6118.cpp">
      <Filter>소스 파일</Filter>
    </ClCompile>
    <ClCompile Include="n1916.cpp">
      <Filter>소스 파일</Filter>
    </ClCompile>
    <ClCompile Include="n1865.cpp">
      <Filter>소스 파일</Filter>
    </ClCompile>
    <ClCompile Include="n11657.cpp">
      <Filter>소스 파일</Filter>
    </ClCompile>
    <ClCompile Include="n17406.cpp">
      <Filter>소스 파일</Filter>
    </ClCompile>
    <ClCompile Include="n14503.cpp">
      <Filter>소스 파일</Filter>
    </ClCompile>
    <ClCompile Include="n14890.cpp">
      <Filter>소스 파일</Filter>
    </ClCompile>
    <ClCompile Include="n10974.cpp">
      <Filter>소스 파일</Filter>
    </ClCompile>
    <ClCompile Include="n1152.cpp">
      <Filter>소스 파일</Filter>
    </ClCompile>
    <ClCompile Include="n11559.cpp">
      <Filter>소스 파일</Filter>
    </ClCompile>
    <ClCompile Include="n3987.cpp">
      <Filter>소스 파일</Filter>
    </ClCompile>
    <ClCompile Include="n1922.cpp">
      <Filter>소스 파일</Filter>
    </ClCompile>
    <ClCompile Include="n1647.cpp">
      <Filter>소스 파일</Filter>
    </ClCompile>
    <ClCompile Include="n14888.cpp">
      <Filter>소스 파일</Filter>
    </ClCompile>
    <ClCompile Include="n2252.cpp">
      <Filter>소스 파일</Filter>
    </ClCompile>
    <ClCompile Include="n13460.cpp">
      <Filter>소스 파일</Filter>
    </ClCompile>
    <ClCompile Include="n12100.cpp">
      <Filter>소스 파일</Filter>
    </ClCompile>
    <ClCompile Include="n3190.cpp">
      <Filter>소스 파일</Filter>
    </ClCompile>
    <ClCompile Include="n13458.cpp">
      <Filter>소스 파일</Filter>
    </ClCompile>
    <ClCompile Include="n14499.cpp">
      <Filter>소스 파일</Filter>
    </ClCompile>
    <ClCompile Include="n14501.cpp">
      <Filter>소스 파일</Filter>
    </ClCompile>
    <ClCompile Include="n14891.cpp">
      <Filter>소스 파일</Filter>
    </ClCompile>
    <ClCompile Include="n15683.cpp">
      <Filter>소스 파일</Filter>
    </ClCompile>
    <ClCompile Include="n15684.cpp">
      <Filter>소스 파일</Filter>
    </ClCompile>
    <ClCompile Include="n15685.cpp">
      <Filter>소스 파일</Filter>
    </ClCompile>
    <ClCompile Include="5373.cpp">
      <Filter>소스 파일</Filter>
    </ClCompile>
    <ClCompile Include="n16236.cpp">
      <Filter>소스 파일</Filter>
    </ClCompile>
    <ClCompile Include="n17143.cpp">
      <Filter>소스 파일</Filter>
    </ClCompile>
    <ClCompile Include="n17142.cpp">
      <Filter>소스 파일</Filter>
    </ClCompile>
    <ClCompile Include="n14502.cpp">
      <Filter>소스 파일</Filter>
    </ClCompile>
    <ClCompile Include="n17779.cpp">
      <Filter>소스 파일</Filter>
    </ClCompile>
    <ClCompile Include="n17837.cpp">
      <Filter>소스 파일</Filter>
    </ClCompile>
    <ClCompile Include="n17822.cpp">
      <Filter>소스 파일</Filter>
    </ClCompile>
    <ClCompile Include="n17825.cpp">
      <Filter>소스 파일</Filter>
    </ClCompile>
    <ClCompile Include="n19235.cpp">
      <Filter>소스 파일</Filter>
    </ClCompile>
    <ClCompile Include="n19236.cpp">
      <Filter>소스 파일</Filter>
    </ClCompile>
    <ClCompile Include="n19237.cpp">
      <Filter>소스 파일</Filter>
    </ClCompile>
    <ClCompile Include="n19238.cpp">
      <Filter>소스 파일</Filter>
    </ClCompile>
    <ClCompile Include="n14889.cpp">
      <Filter>소스 파일</Filter>
    </ClCompile>
    <ClCompile Include="n15686.cpp">
      <Filter>소스 파일</Filter>
    </ClCompile>
    <ClCompile Include="n17140.cpp">
      <Filter>소스 파일</Filter>
    </ClCompile>
    <ClCompile Include="n16235.cpp">
      <Filter>소스 파일</Filter>
    </ClCompile>
    <ClCompile Include="n5373.cpp">
      <Filter>소스 파일</Filter>
    </ClCompile>
    <ClCompile Include="n16955.cpp">
      <Filter>소스 파일</Filter>
    </ClCompile>
    <ClCompile Include="n17135.cpp">
      <Filter>소스 파일</Filter>
    </ClCompile>
    <ClCompile Include="n17136.cpp">
      <Filter>소스 파일</Filter>
    </ClCompile>
    <ClCompile Include="n17471.cpp">
      <Filter>소스 파일</Filter>
    </ClCompile>
    <ClCompile Include="n17281.cpp">
      <Filter>소스 파일</Filter>
    </ClCompile>
    <ClCompile Include="n17472-다시.cpp">
      <Filter>소스 파일</Filter>
    </ClCompile>
    <ClCompile Include="n3048.cpp">
      <Filter>소스 파일</Filter>
    </ClCompile>
    <ClCompile Include="n16918.cpp">
      <Filter>소스 파일</Filter>
    </ClCompile>
    <ClCompile Include="n1726.cpp">
      <Filter>소스 파일</Filter>
    </ClCompile>
    <ClCompile Include="n2580.cpp">
      <Filter>소스 파일</Filter>
    </ClCompile>
    <ClCompile Include="n2573.cpp">
      <Filter>소스 파일</Filter>
    </ClCompile>
    <ClCompile Include="n12865-완전탐색.cpp">
      <Filter>소스 파일</Filter>
    </ClCompile>
    <ClCompile Include="n12865-dp.cpp">
      <Filter>소스 파일</Filter>
    </ClCompile>
    <ClCompile Include="n1463.cpp">
      <Filter>소스 파일</Filter>
    </ClCompile>
    <ClCompile Include="n1495.cpp">
      <Filter>소스 파일</Filter>
    </ClCompile>
    <ClCompile Include="n1655.cpp">
      <Filter>소스 파일</Filter>
    </ClCompile>
    <ClCompile Include="n3197-f.cpp">
      <Filter>소스 파일</Filter>
    </ClCompile>
    <ClCompile Include="n2665.cpp">
      <Filter>소스 파일</Filter>
    </ClCompile>
    <ClCompile Include="n1219.cpp">
      <Filter>소스 파일</Filter>
    </ClCompile>
    <ClCompile Include="n15591.cpp">
      <Filter>소스 파일</Filter>
    </ClCompile>
    <ClCompile Include="n4386.cpp">
      <Filter>소스 파일</Filter>
    </ClCompile>
    <ClCompile Include="n1185.cpp">
      <Filter>소스 파일</Filter>
    </ClCompile>
    <ClCompile Include="n15481.cpp">
      <Filter>소스 파일</Filter>
    </ClCompile>
    <ClCompile Include="n1005.cpp">
      <Filter>소스 파일</Filter>
    </ClCompile>
    <ClCompile Include="n1786.cpp">
      <Filter>소스 파일</Filter>
    </ClCompile>
    <ClCompile Include="n5525.cpp">
      <Filter>소스 파일</Filter>
    </ClCompile>
    <ClCompile Include="n5052.cpp">
      <Filter>소스 파일</Filter>
    </ClCompile>
    <ClCompile Include="n11723.cpp">
      <Filter>소스 파일</Filter>
    </ClCompile>
    <ClCompile Include="n2268.cpp">
      <Filter>소스 파일</Filter>
    </ClCompile>
    <ClCompile Include="n11437.cpp">
      <Filter>소스 파일</Filter>
    </ClCompile>
    <ClCompile Include="n11437-upgrade.cpp">
      <Filter>소스 파일</Filter>
    </ClCompile>
    <ClCompile Include="note.cpp">
      <Filter>소스 파일</Filter>
    </ClCompile>
    <ClCompile Include="n3425.cpp">
      <Filter>소스 파일</Filter>
    </ClCompile>
    <ClCompile Include="n1062.cpp">
      <Filter>소스 파일</Filter>
    </ClCompile>
    <ClCompile Include="n3055.cpp">
      <Filter>소스 파일</Filter>
    </ClCompile>
    <ClCompile Include="n1713.cpp">
      <Filter>소스 파일</Filter>
    </ClCompile>
    <ClCompile Include="n2003.cpp">
      <Filter>소스 파일</Filter>
    </ClCompile>
    <ClCompile Include="n2805.cpp">
      <Filter>소스 파일</Filter>
    </ClCompile>
    <ClCompile Include="n2748.cpp">
      <Filter>소스 파일</Filter>
    </ClCompile>
    <ClCompile Include="n2517.cpp">
      <Filter>소스 파일</Filter>
    </ClCompile>
    <ClCompile Include="n1806.cpp">
      <Filter>소스 파일</Filter>
    </ClCompile>
    <ClCompile Include="n2096.cpp">
      <Filter>소스 파일</Filter>
    </ClCompile>
    <ClCompile Include="n1072.cpp">
      <Filter>소스 파일</Filter>
    </ClCompile>
    <ClCompile Include="n2143.cpp">
      <Filter>소스 파일</Filter>
    </ClCompile>
    <ClCompile Include="n1991.cpp">
      <Filter>소스 파일</Filter>
    </ClCompile>
    <ClCompile Include="n2042.cpp">
      <Filter>소스 파일</Filter>
    </ClCompile>
    <ClCompile Include="n1927.cpp">
      <Filter>소스 파일</Filter>
    </ClCompile>
    <ClCompile Include="n1202.cpp">
      <Filter>소스 파일</Filter>
    </ClCompile>
    <ClCompile Include="n2504.cpp">
      <Filter>소스 파일</Filter>
    </ClCompile>
    <ClCompile Include="n2243.cpp">
      <Filter>소스 파일</Filter>
    </ClCompile>
    <ClCompile Include="n3020.cpp">
      <Filter>소스 파일</Filter>
    </ClCompile>
    <ClCompile Include="n1275.cpp">
      <Filter>소스 파일</Filter>
    </ClCompile>
  </ItemGroup>
</Project>